{
    "name": "node-red-project",
    "version": "0.0.1",
    "lockfileVersion": 1,
    "requires": true,
    "dependencies": {
        "node-red-contrib-esplogin": {
            "version": "1.3.7",
            "resolved": "https://registry.npmjs.org/node-red-contrib-esplogin/-/node-red-contrib-esplogin-1.3.7.tgz",
            "integrity": "sha512-xdTcQmU/iH+nWcRtBYW6jYPeJJTTOplTH5b/DNDDSn4ub+3QB285M/AZd/deyUBjKYdj58ZV0zGrt0YjFjECyw==",
            "requires": {
                "suncalc": "1.*"
            }
        },
        "node-red-contrib-ramp-thermostat": {
            "version": "0.8.1",
            "resolved": "https://registry.npmjs.org/node-red-contrib-ramp-thermostat/-/node-red-contrib-ramp-thermostat-0.8.1.tgz",
            "integrity": "sha512-hZR+xeDWHj9yvBgA1HLW5PFbV/LLbPjpcm0fGF2AUj5qeTsf2qLN1UAR+bZNA3eZFV6laRpTi5vzq9mGlywnkw=="
        },
        "node-red-node-emoncms": {
            "version": "0.2.1",
            "resolved": "https://registry.npmjs.org/node-red-node-emoncms/-/node-red-node-emoncms-0.2.1.tgz",
            "integrity": "sha512-m33M8r2loSmbnkih/xRvNklOdgMxDQmUi2iwZLbnsMpdPQ+hwu711Bd6wTfJIFPjwGfm2JDWN8eFTtGIKGt/Fw=="
        },
        "suncalc": {
            "version": "1.8.0",
            "resolved": "https://registry.npmjs.org/suncalc/-/suncalc-1.8.0.tgz",
            "integrity": "sha1-HZiYEJVjB4dQ9JlKlZ5lTYdqy/U="
        }
    }
}
